# This file is automatically @generated by Poetry 1.6.1 and should not be changed by hand.

[[package]]
name = "cerberus"
version = "1.3.5"
description = "Lightweight, extensible schema and data validation tool for Pythondictionaries."
optional = false
python-versions = "*"
files = [
    { file = "Cerberus-1.3.5-py3-none-any.whl", hash = "sha256:7649a5815024d18eb7c6aa5e7a95355c649a53aacfc9b050e9d0bf6bfa2af372" },
    { file = "Cerberus-1.3.5.tar.gz", hash = "sha256:81011e10266ef71b6ec6d50e60171258a5b134d69f8fb387d16e4936d0d47642" },
]

[[package]]
name = "python-dotenv"
version = "1.0.1"
description = "Read key-value pairs from a .env file and set them as environment variables"
optional = false
python-versions = ">=3.8"
files = [
    { file = "python-dotenv-1.0.1.tar.gz", hash = "sha256:e324ee90a023d808f1959c46bcbc04446a10ced277783dc6ee09987c37ec10ca" },
    { file = "python_dotenv-1.0.1-py3-none-any.whl", hash = "sha256:f7b63ef50f1b690dddf550d03497b66d609393b40b564ed0d674909a68ebf16a" },
]

[package.extras]
cli = ["click (>=5.0)"]

[metadata]
lock-version = "2.0"
python-versions = "^3.10"
content-hash = "cfa9b48cff17049ea41408a83dbd3dfa63d0b086582d33014b5dac25718ba1c9"
